// !$*UTF8*$!
{
	archiveVersion = 1;
	classes = {
	};
	objectVersion = 48;
	objects = {

/* Begin PBXBuildFile section */
		5E6864431FDA550700D4CE64 /* AppDelegate.m in Sources */ = {isa = PBXBuildFile; fileRef = 5E6864421FDA550700D4CE64 /* AppDelegate.m */; };
		5E6864461FDA550700D4CE64 /* ViewController.m in Sources */ = {isa = PBXBuildFile; fileRef = 5E6864451FDA550700D4CE64 /* ViewController.m */; };
		5E6864491FDA550700D4CE64 /* Main.storyboard in Resources */ = {isa = PBXBuildFile; fileRef = 5E6864471FDA550700D4CE64 /* Main.storyboard */; };
		5E68644B1FDA550700D4CE64 /* Assets.xcassets in Resources */ = {isa = PBXBuildFile; fileRef = 5E68644A1FDA550700D4CE64 /* Assets.xcassets */; };
		5E68644E1FDA550700D4CE64 /* LaunchScreen.storyboard in Resources */ = {isa = PBXBuildFile; fileRef = 5E68644C1FDA550700D4CE64 /* LaunchScreen.storyboard */; };
		5E6864511FDA550700D4CE64 /* main.m in Sources */ = {isa = PBXBuildFile; fileRef = 5E6864501FDA550700D4CE64 /* main.m */; };
		5E68645C1FDA7AFA00D4CE64 /* RQUser.m in Sources */ = {isa = PBXBuildFile; fileRef = 5E68645B1FDA7AFA00D4CE64 /* RQUser.m */; };
		5E6864601FDA7CB200D4CE64 /* NSObject+RQJsonKit.m in Sources */ = {isa = PBXBuildFile; fileRef = 5E68645F1FDA7CB200D4CE64 /* NSObject+RQJsonKit.m */; };
		5E6864641FDA7D7800D4CE64 /* RQJsonKitManager.m in Sources */ = {isa = PBXBuildFile; fileRef = 5E6864631FDA7D7800D4CE64 /* RQJsonKitManager.m */; };
		5E6864681FDA81FD00D4CE64 /* RQClassInfo.m in Sources */ = {isa = PBXBuildFile; fileRef = 5E6864671FDA81FD00D4CE64 /* RQClassInfo.m */; };
		5E6EA55A1FF4E2FF0032475E /* RQTransformOperation.m in Sources */ = {isa = PBXBuildFile; fileRef = 5E6EA5591FF4E2FF0032475E /* RQTransformOperation.m */; };
		5E6EA5611FF4EDA20032475E /* NSString+RQJsonKit.m in Sources */ = {isa = PBXBuildFile; fileRef = 5E6EA5601FF4EDA20032475E /* NSString+RQJsonKit.m */; };
		5E81D2411FF4961600D1988C /* RQJsonKitConst.m in Sources */ = {isa = PBXBuildFile; fileRef = 5E81D2401FF4961600D1988C /* RQJsonKitConst.m */; };
		5E81D2451FF49D5800D1988C /* RQJsonKitTool.m in Sources */ = {isa = PBXBuildFile; fileRef = 5E81D2441FF49D5800D1988C /* RQJsonKitTool.m */; };
		5E9DB7981FE8ED98004FA74B /* RQPropertyInfo.m in Sources */ = {isa = PBXBuildFile; fileRef = 5E9DB7971FE8ED98004FA74B /* RQPropertyInfo.m */; };
		5EC4BEBF200372C7007E6736 /* RQMappingKey.m in Sources */ = {isa = PBXBuildFile; fileRef = 5EC4BEBE200372C7007E6736 /* RQMappingKey.m */; };
		5EF90E4A1FDE5AC200D73C08 /* RQJsonKitCache.m in Sources */ = {isa = PBXBuildFile; fileRef = 5EF90E491FDE5AC200D73C08 /* RQJsonKitCache.m */; };
		5EFFCC521FF34C05006249F9 /* RQPropertyTypeInfo.m in Sources */ = {isa = PBXBuildFile; fileRef = 5EFFCC511FF34C05006249F9 /* RQPropertyTypeInfo.m */; };
/* End PBXBuildFile section */

/* Begin PBXFileReference section */
		5E68643E1FDA550700D4CE64 /* RQJsonKit.app */ = {isa = PBXFileReference; explicitFileType = wrapper.application; includeInIndex = 0; path = RQJsonKit.app; sourceTree = BUILT_PRODUCTS_DIR; };
		5E6864411FDA550700D4CE64 /* AppDelegate.h */ = {isa = PBXFileReference; lastKnownFileType = sourcecode.c.h; path = AppDelegate.h; sourceTree = "<group>"; };
		5E6864421FDA550700D4CE64 /* AppDelegate.m */ = {isa = PBXFileReference; lastKnownFileType = sourcecode.c.objc; path = AppDelegate.m; sourceTree = "<group>"; };
		5E6864441FDA550700D4CE64 /* ViewController.h */ = {isa = PBXFileReference; lastKnownFileType = sourcecode.c.h; path = ViewController.h; sourceTree = "<group>"; };
		5E6864451FDA550700D4CE64 /* ViewController.m */ = {isa = PBXFileReference; lastKnownFileType = sourcecode.c.objc; path = ViewController.m; sourceTree = "<group>"; };
		5E6864481FDA550700D4CE64 /* Base */ = {isa = PBXFileReference; lastKnownFileType = file.storyboard; name = Base; path = Base.lproj/Main.storyboard; sourceTree = "<group>"; };
		5E68644A1FDA550700D4CE64 /* Assets.xcassets */ = {isa = PBXFileReference; lastKnownFileType = folder.assetcatalog; path = Assets.xcassets; sourceTree = "<group>"; };
		5E68644D1FDA550700D4CE64 /* Base */ = {isa = PBXFileReference; lastKnownFileType = file.storyboard; name = Base; path = Base.lproj/LaunchScreen.storyboard; sourceTree = "<group>"; };
		5E68644F1FDA550700D4CE64 /* Info.plist */ = {isa = PBXFileReference; lastKnownFileType = text.plist.xml; path = Info.plist; sourceTree = "<group>"; };
		5E6864501FDA550700D4CE64 /* main.m */ = {isa = PBXFileReference; lastKnownFileType = sourcecode.c.objc; path = main.m; sourceTree = "<group>"; };
		5E68645A1FDA7AFA00D4CE64 /* RQUser.h */ = {isa = PBXFileReference; lastKnownFileType = sourcecode.c.h; path = RQUser.h; sourceTree = "<group>"; };
		5E68645B1FDA7AFA00D4CE64 /* RQUser.m */ = {isa = PBXFileReference; lastKnownFileType = sourcecode.c.objc; path = RQUser.m; sourceTree = "<group>"; };
		5E68645E1FDA7CB200D4CE64 /* NSObject+RQJsonKit.h */ = {isa = PBXFileReference; lastKnownFileType = sourcecode.c.h; path = "NSObject+RQJsonKit.h"; sourceTree = "<group>"; };
		5E68645F1FDA7CB200D4CE64 /* NSObject+RQJsonKit.m */ = {isa = PBXFileReference; lastKnownFileType = sourcecode.c.objc; path = "NSObject+RQJsonKit.m"; sourceTree = "<group>"; };
		5E6864621FDA7D7800D4CE64 /* RQJsonKitManager.h */ = {isa = PBXFileReference; lastKnownFileType = sourcecode.c.h; path = RQJsonKitManager.h; sourceTree = "<group>"; };
		5E6864631FDA7D7800D4CE64 /* RQJsonKitManager.m */ = {isa = PBXFileReference; lastKnownFileType = sourcecode.c.objc; path = RQJsonKitManager.m; sourceTree = "<group>"; };
		5E6864661FDA81FD00D4CE64 /* RQClassInfo.h */ = {isa = PBXFileReference; lastKnownFileType = sourcecode.c.h; path = RQClassInfo.h; sourceTree = "<group>"; };
		5E6864671FDA81FD00D4CE64 /* RQClassInfo.m */ = {isa = PBXFileReference; lastKnownFileType = sourcecode.c.objc; path = RQClassInfo.m; sourceTree = "<group>"; };
		5E6EA5581FF4E2FF0032475E /* RQTransformOperation.h */ = {isa = PBXFileReference; lastKnownFileType = sourcecode.c.h; path = RQTransformOperation.h; sourceTree = "<group>"; };
		5E6EA5591FF4E2FF0032475E /* RQTransformOperation.m */ = {isa = PBXFileReference; lastKnownFileType = sourcecode.c.objc; path = RQTransformOperation.m; sourceTree = "<group>"; };
		5E6EA55F1FF4EDA20032475E /* NSString+RQJsonKit.h */ = {isa = PBXFileReference; lastKnownFileType = sourcecode.c.h; path = "NSString+RQJsonKit.h"; sourceTree = "<group>"; };
		5E6EA5601FF4EDA20032475E /* NSString+RQJsonKit.m */ = {isa = PBXFileReference; lastKnownFileType = sourcecode.c.objc; path = "NSString+RQJsonKit.m"; sourceTree = "<group>"; };
		5E81D23F1FF4961600D1988C /* RQJsonKitConst.h */ = {isa = PBXFileReference; lastKnownFileType = sourcecode.c.h; path = RQJsonKitConst.h; sourceTree = "<group>"; };
		5E81D2401FF4961600D1988C /* RQJsonKitConst.m */ = {isa = PBXFileReference; lastKnownFileType = sourcecode.c.objc; path = RQJsonKitConst.m; sourceTree = "<group>"; };
		5E81D2431FF49D5800D1988C /* RQJsonKitTool.h */ = {isa = PBXFileReference; lastKnownFileType = sourcecode.c.h; path = RQJsonKitTool.h; sourceTree = "<group>"; };
		5E81D2441FF49D5800D1988C /* RQJsonKitTool.m */ = {isa = PBXFileReference; lastKnownFileType = sourcecode.c.objc; path = RQJsonKitTool.m; sourceTree = "<group>"; };
		5E9DB7961FE8ED98004FA74B /* RQPropertyInfo.h */ = {isa = PBXFileReference; lastKnownFileType = sourcecode.c.h; path = RQPropertyInfo.h; sourceTree = "<group>"; };
		5E9DB7971FE8ED98004FA74B /* RQPropertyInfo.m */ = {isa = PBXFileReference; lastKnownFileType = sourcecode.c.objc; path = RQPropertyInfo.m; sourceTree = "<group>"; };
		5EC4BEBD200372C7007E6736 /* RQMappingKey.h */ = {isa = PBXFileReference; lastKnownFileType = sourcecode.c.h; path = RQMappingKey.h; sourceTree = "<group>"; };
		5EC4BEBE200372C7007E6736 /* RQMappingKey.m */ = {isa = PBXFileReference; lastKnownFileType = sourcecode.c.objc; path = RQMappingKey.m; sourceTree = "<group>"; };
		5EF90E481FDE5AC200D73C08 /* RQJsonKitCache.h */ = {isa = PBXFileReference; lastKnownFileType = sourcecode.c.h; path = RQJsonKitCache.h; sourceTree = "<group>"; };
		5EF90E491FDE5AC200D73C08 /* RQJsonKitCache.m */ = {isa = PBXFileReference; lastKnownFileType = sourcecode.c.objc; path = RQJsonKitCache.m; sourceTree = "<group>"; };
		5EFFCC501FF34C05006249F9 /* RQPropertyTypeInfo.h */ = {isa = PBXFileReference; lastKnownFileType = sourcecode.c.h; path = RQPropertyTypeInfo.h; sourceTree = "<group>"; };
		5EFFCC511FF34C05006249F9 /* RQPropertyTypeInfo.m */ = {isa = PBXFileReference; lastKnownFileType = sourcecode.c.objc; path = RQPropertyTypeInfo.m; sourceTree = "<group>"; };
/* End PBXFileReference section */

/* Begin PBXFrameworksBuildPhase section */
		5E68643B1FDA550700D4CE64 /* Frameworks */ = {
			isa = PBXFrameworksBuildPhase;
			buildActionMask = 2147483647;
			files = (
			);
			runOnlyForDeploymentPostprocessing = 0;
		};
/* End PBXFrameworksBuildPhase section */

/* Begin PBXGroup section */
		5E6864351FDA550700D4CE64 = {
			isa = PBXGroup;
			children = (
				5E6864401FDA550700D4CE64 /* RQJsonKit */,
				5E68643F1FDA550700D4CE64 /* Products */,
			);
			sourceTree = "<group>";
		};
		5E68643F1FDA550700D4CE64 /* Products */ = {
			isa = PBXGroup;
			children = (
				5E68643E1FDA550700D4CE64 /* RQJsonKit.app */,
			);
			name = Products;
			sourceTree = "<group>";
		};
		5E6864401FDA550700D4CE64 /* RQJsonKit */ = {
			isa = PBXGroup;
			children = (
				5E6864571FDA7ABE00D4CE64 /* RQJsonKit */,
				5E6864591FDA7AE500D4CE64 /* Model */,
				5E6864411FDA550700D4CE64 /* AppDelegate.h */,
				5E6864421FDA550700D4CE64 /* AppDelegate.m */,
				5E6864441FDA550700D4CE64 /* ViewController.h */,
				5E6864451FDA550700D4CE64 /* ViewController.m */,
				5E6864471FDA550700D4CE64 /* Main.storyboard */,
				5E68644A1FDA550700D4CE64 /* Assets.xcassets */,
				5E68644C1FDA550700D4CE64 /* LaunchScreen.storyboard */,
				5E68644F1FDA550700D4CE64 /* Info.plist */,
				5E6864501FDA550700D4CE64 /* main.m */,
			);
			path = RQJsonKit;
			sourceTree = "<group>";
		};
		5E6864571FDA7ABE00D4CE64 /* RQJsonKit */ = {
			isa = PBXGroup;
			children = (
				5EC4BEC02004D74C007E6736 /* Protocol */,
				5E6EA5571FF4E2C80032475E /* Operation */,
				5E81D2421FF49D2900D1988C /* Tool */,
				5E81D23E1FF495F300D1988C /* Const */,
				5EF90E471FDE5A7400D73C08 /* RQCache */,
				5E6864651FDA81C800D4CE64 /* Common */,
				5E6864611FDA7D5300D4CE64 /* Manager */,
				5E68645D1FDA7C4100D4CE64 /* Category */,
			);
			path = RQJsonKit;
			sourceTree = "<group>";
		};
		5E6864591FDA7AE500D4CE64 /* Model */ = {
			isa = PBXGroup;
			children = (
				5E68645A1FDA7AFA00D4CE64 /* RQUser.h */,
				5E68645B1FDA7AFA00D4CE64 /* RQUser.m */,
			);
			path = Model;
			sourceTree = "<group>";
		};
		5E68645D1FDA7C4100D4CE64 /* Category */ = {
			isa = PBXGroup;
			children = (
				5E68645E1FDA7CB200D4CE64 /* NSObject+RQJsonKit.h */,
				5E68645F1FDA7CB200D4CE64 /* NSObject+RQJsonKit.m */,
				5E6EA55F1FF4EDA20032475E /* NSString+RQJsonKit.h */,
				5E6EA5601FF4EDA20032475E /* NSString+RQJsonKit.m */,
			);
			path = Category;
			sourceTree = "<group>";
		};
		5E6864611FDA7D5300D4CE64 /* Manager */ = {
			isa = PBXGroup;
			children = (
				5E6864621FDA7D7800D4CE64 /* RQJsonKitManager.h */,
				5E6864631FDA7D7800D4CE64 /* RQJsonKitManager.m */,
			);
			path = Manager;
			sourceTree = "<group>";
		};
		5E6864651FDA81C800D4CE64 /* Common */ = {
			isa = PBXGroup;
			children = (
				5E6864661FDA81FD00D4CE64 /* RQClassInfo.h */,
				5E6864671FDA81FD00D4CE64 /* RQClassInfo.m */,
				5E9DB7961FE8ED98004FA74B /* RQPropertyInfo.h */,
				5E9DB7971FE8ED98004FA74B /* RQPropertyInfo.m */,
				5EFFCC501FF34C05006249F9 /* RQPropertyTypeInfo.h */,
				5EFFCC511FF34C05006249F9 /* RQPropertyTypeInfo.m */,
				5EC4BEBD200372C7007E6736 /* RQMappingKey.h */,
				5EC4BEBE200372C7007E6736 /* RQMappingKey.m */,
			);
			path = Common;
			sourceTree = "<group>";
		};
		5E6EA5571FF4E2C80032475E /* Operation */ = {
			isa = PBXGroup;
			children = (
				5E6EA5581FF4E2FF0032475E /* RQTransformOperation.h */,
				5E6EA5591FF4E2FF0032475E /* RQTransformOperation.m */,
			);
			path = Operation;
			sourceTree = "<group>";
		};
		5E81D23E1FF495F300D1988C /* Const */ = {
			isa = PBXGroup;
			children = (
				5E81D23F1FF4961600D1988C /* RQJsonKitConst.h */,
				5E81D2401FF4961600D1988C /* RQJsonKitConst.m */,
			);
			path = Const;
			sourceTree = "<group>";
		};
		5E81D2421FF49D2900D1988C /* Tool */ = {
			isa = PBXGroup;
			children = (
				5E81D2431FF49D5800D1988C /* RQJsonKitTool.h */,
				5E81D2441FF49D5800D1988C /* RQJsonKitTool.m */,
			);
			path = Tool;
			sourceTree = "<group>";
		};
		5EC4BEC02004D74C007E6736 /* Protocol */ = {
			isa = PBXGroup;
			children = (
			);
			path = Protocol;
			sourceTree = "<group>";
		};
		5EF90E471FDE5A7400D73C08 /* RQCache */ = {
			isa = PBXGroup;
			children = (
				5EF90E481FDE5AC200D73C08 /* RQJsonKitCache.h */,
				5EF90E491FDE5AC200D73C08 /* RQJsonKitCache.m */,
			);
			path = RQCache;
			sourceTree = "<group>";
		};
/* End PBXGroup section */

/* Begin PBXNativeTarget section */
		5E68643D1FDA550700D4CE64 /* RQJsonKit */ = {
			isa = PBXNativeTarget;
			buildConfigurationList = 5E6864541FDA550700D4CE64 /* Build configuration list for PBXNativeTarget "RQJsonKit" */;
			buildPhases = (
				5E68643A1FDA550700D4CE64 /* Sources */,
				5E68643B1FDA550700D4CE64 /* Frameworks */,
				5E68643C1FDA550700D4CE64 /* Resources */,
			);
			buildRules = (
			);
			dependencies = (
			);
			name = RQJsonKit;
			productName = RQJsonKit;
			productReference = 5E68643E1FDA550700D4CE64 /* RQJsonKit.app */;
			productType = "com.apple.product-type.application";
		};
/* End PBXNativeTarget section */

/* Begin PBXProject section */
		5E6864361FDA550700D4CE64 /* Project object */ = {
			isa = PBXProject;
			attributes = {
				LastUpgradeCheck = 0910;
				ORGANIZATIONNAME = renqiang;
				TargetAttributes = {
					5E68643D1FDA550700D4CE64 = {
						CreatedOnToolsVersion = 9.1;
						ProvisioningStyle = Automatic;
					};
				};
			};
			buildConfigurationList = 5E6864391FDA550700D4CE64 /* Build configuration list for PBXProject "RQJsonKit" */;
			compatibilityVersion = "Xcode 8.0";
			developmentRegion = en;
			hasScannedForEncodings = 0;
			knownRegions = (
				en,
				Base,
			);
			mainGroup = 5E6864351FDA550700D4CE64;
			productRefGroup = 5E68643F1FDA550700D4CE64 /* Products */;
			projectDirPath = "";
			projectRoot = "";
			targets = (
				5E68643D1FDA550700D4CE64 /* RQJsonKit */,
			);
		};
/* End PBXProject section */

/* Begin PBXResourcesBuildPhase section */
		5E68643C1FDA550700D4CE64 /* Resources */ = {
			isa = PBXResourcesBuildPhase;
			buildActionMask = 2147483647;
			files = (
				5E68644E1FDA550700D4CE64 /* LaunchScreen.storyboard in Resources */,
				5E68644B1FDA550700D4CE64 /* Assets.xcassets in Resources */,
				5E6864491FDA550700D4CE64 /* Main.storyboard in Resources */,
			);
			runOnlyForDeploymentPostprocessing = 0;
		};
/* End PBXResourcesBuildPhase section */

/* Begin PBXSourcesBuildPhase section */
		5E68643A1FDA550700D4CE64 /* Sources */ = {
			isa = PBXSourcesBuildPhase;
			buildActionMask = 2147483647;
			files = (
				5E6864461FDA550700D4CE64 /* ViewController.m in Sources */,
				5E81D2451FF49D5800D1988C /* RQJsonKitTool.m in Sources */,
				5E6864641FDA7D7800D4CE64 /* RQJsonKitManager.m in Sources */,
				5E6864601FDA7CB200D4CE64 /* NSObject+RQJsonKit.m in Sources */,
				5E68645C1FDA7AFA00D4CE64 /* RQUser.m in Sources */,
				5EF90E4A1FDE5AC200D73C08 /* RQJsonKitCache.m in Sources */,
				5E6864511FDA550700D4CE64 /* main.m in Sources */,
				5E81D2411FF4961600D1988C /* RQJsonKitConst.m in Sources */,
				5E9DB7981FE8ED98004FA74B /* RQPropertyInfo.m in Sources */,
				5E6EA5611FF4EDA20032475E /* NSString+RQJsonKit.m in Sources */,
				5E6864431FDA550700D4CE64 /* AppDelegate.m in Sources */,
				5EC4BEBF200372C7007E6736 /* RQMappingKey.m in Sources */,
				5E6EA55A1FF4E2FF0032475E /* RQTransformOperation.m in Sources */,
				5E6864681FDA81FD00D4CE64 /* RQClassInfo.m in Sources */,
				5EFFCC521FF34C05006249F9 /* RQPropertyTypeInfo.m in Sources */,
			);
			runOnlyForDeploymentPostprocessing = 0;
		};
/* End PBXSourcesBuildPhase section */

/* Begin PBXVariantGroup section */
		5E6864471FDA550700D4CE64 /* Main.storyboard */ = {
			isa = PBXVariantGroup;
			children = (
				5E6864481FDA550700D4CE64 /* Base */,
			);
			name = Main.storyboard;
			sourceTree = "<group>";
		};
		5E68644C1FDA550700D4CE64 /* LaunchScreen.storyboard */ = {
			isa = PBXVariantGroup;
			children = (
				5E68644D1FDA550700D4CE64 /* Base */,
			);
			name = LaunchScreen.storyboard;
			sourceTree = "<group>";
		};
/* End PBXVariantGroup section */

/* Begin XCBuildConfiguration section */
		5E6864521FDA550700D4CE64 /* Debug */ = {
			isa = XCBuildConfiguration;
			buildSettings = {
				ALWAYS_SEARCH_USER_PATHS = NO;
				CLANG_ANALYZER_NONNULL = YES;
				CLANG_ANALYZER_NUMBER_OBJECT_CONVERSION = YES_AGGRESSIVE;
				CLANG_CXX_LANGUAGE_STANDARD = "gnu++14";
				CLANG_CXX_LIBRARY = "libc++";
				CLANG_ENABLE_MODULES = YES;
				CLANG_ENABLE_OBJC_ARC = YES;
				CLANG_WARN_BLOCK_CAPTURE_AUTORELEASING = YES;
				CLANG_WARN_BOOL_CONVERSION = YES;
				CLANG_WARN_COMMA = YES;
				CLANG_WARN_CONSTANT_CONVERSION = YES;
				CLANG_WARN_DIRECT_OBJC_ISA_USAGE = YES_ERROR;
				CLANG_WARN_DOCUMENTATION_COMMENTS = YES;
				CLANG_WARN_EMPTY_BODY = YES;
				CLANG_WARN_ENUM_CONVERSION = YES;
				CLANG_WARN_INFINITE_RECURSION = YES;
				CLANG_WARN_INT_CONVERSION = YES;
				CLANG_WARN_NON_LITERAL_NULL_CONVERSION = YES;
				CLANG_WARN_OBJC_LITERAL_CONVERSION = YES;
				CLANG_WARN_OBJC_ROOT_CLASS = YES_ERROR;
				CLANG_WARN_RANGE_LOOP_ANALYSIS = YES;
				CLANG_WARN_STRICT_PROTOTYPES = YES;
				CLANG_WARN_SUSPICIOUS_MOVE = YES;
				CLANG_WARN_UNGUARDED_AVAILABILITY = YES_AGGRESSIVE;
				CLANG_WARN_UNREACHABLE_CODE = YES;
				CLANG_WARN__DUPLICATE_METHOD_MATCH = YES;
				CODE_SIGN_IDENTITY = "iPhone Developer";
				COPY_PHASE_STRIP = NO;
				DEBUG_INFORMATION_FORMAT = dwarf;
				ENABLE_STRICT_OBJC_MSGSEND = YES;
				ENABLE_TESTABILITY = YES;
				GCC_C_LANGUAGE_STANDARD = gnu11;
				GCC_DYNAMIC_NO_PIC = NO;
				GCC_NO_COMMON_BLOCKS = YES;
				GCC_OPTIMIZATION_LEVEL = 0;
				GCC_PREPROCESSOR_DEFINITIONS = (
					"DEBUG=1",
					"$(inherited)",
				);
				GCC_WARN_64_TO_32_BIT_CONVERSION = YES;
				GCC_WARN_ABOUT_RETURN_TYPE = YES_ERROR;
				GCC_WARN_UNDECLARED_SELECTOR = YES;
				GCC_WARN_UNINITIALIZED_AUTOS = YES_AGGRESSIVE;
				GCC_WARN_UNUSED_FUNCTION = YES;
				GCC_WARN_UNUSED_VARIABLE = YES;
				IPHONEOS_DEPLOYMENT_TARGET = 11.1;
				MTL_ENABLE_DEBUG_INFO = YES;
				ONLY_ACTIVE_ARCH = YES;
				SDKROOT = iphoneos;
			};
			name = Debug;
		};
		5E6864531FDA550700D4CE64 /* Release */ = {
			isa = XCBuildConfiguration;
			buildSettings = {
				ALWAYS_SEARCH_USER_PATHS = NO;
				CLANG_ANALYZER_NONNULL = YES;
				CLANG_ANALYZER_NUMBER_OBJECT_CONVERSION = YES_AGGRESSIVE;
				CLANG_CXX_LANGUAGE_STANDARD = "gnu++14";
				CLANG_CXX_LIBRARY = "libc++";
				CLANG_ENABLE_MODULES = YES;
				CLANG_ENABLE_OBJC_ARC = YES;
				CLANG_WARN_BLOCK_CAPTURE_AUTORELEASING = YES;
				CLANG_WARN_BOOL_CONVERSION = YES;
				CLANG_WARN_COMMA = YES;
				CLANG_WARN_CONSTANT_CONVERSION = YES;
				CLANG_WARN_DIRECT_OBJC_ISA_USAGE = YES_ERROR;
				CLANG_WARN_DOCUMENTATION_COMMENTS = YES;
				CLANG_WARN_EMPTY_BODY = YES;
				CLANG_WARN_ENUM_CONVERSION = YES;
				CLANG_WARN_INFINITE_RECURSION = YES;
				CLANG_WARN_INT_CONVERSION = YES;
				CLANG_WARN_NON_LITERAL_NULL_CONVERSION = YES;
				CLANG_WARN_OBJC_LITERAL_CONVERSION = YES;
				CLANG_WARN_OBJC_ROOT_CLASS = YES_ERROR;
				CLANG_WARN_RANGE_LOOP_ANALYSIS = YES;
				CLANG_WARN_STRICT_PROTOTYPES = YES;
				CLANG_WARN_SUSPICIOUS_MOVE = YES;
				CLANG_WARN_UNGUARDED_AVAILABILITY = YES_AGGRESSIVE;
				CLANG_WARN_UNREACHABLE_CODE = YES;
				CLANG_WARN__DUPLICATE_METHOD_MATCH = YES;
				CODE_SIGN_IDENTITY = "iPhone Developer";
				COPY_PHASE_STRIP = NO;
				DEBUG_INFORMATION_FORMAT = "dwarf-with-dsym";
				ENABLE_NS_ASSERTIONS = NO;
				ENABLE_STRICT_OBJC_MSGSEND = YES;
				GCC_C_LANGUAGE_STANDARD = gnu11;
				GCC_NO_COMMON_BLOCKS = YES;
				GCC_WARN_64_TO_32_BIT_CONVERSION = YES;
				GCC_WARN_ABOUT_RETURN_TYPE = YES_ERROR;
				GCC_WARN_UNDECLARED_SELECTOR = YES;
				GCC_WARN_UNINITIALIZED_AUTOS = YES_AGGRESSIVE;
				GCC_WARN_UNUSED_FUNCTION = YES;
				GCC_WARN_UNUSED_VARIABLE = YES;
				IPHONEOS_DEPLOYMENT_TARGET = 11.1;
				MTL_ENABLE_DEBUG_INFO = NO;
				SDKROOT = iphoneos;
				VALIDATE_PRODUCT = YES;
			};
			name = Release;
		};
		5E6864551FDA550700D4CE64 /* Debug */ = {
			isa = XCBuildConfiguration;
			buildSettings = {
				ASSETCATALOG_COMPILER_APPICON_NAME = AppIcon;
				CODE_SIGN_STYLE = Automatic;
				DEVELOPMENT_TEAM = J6GK454YUN;
				INFOPLIST_FILE = RQJsonKit/Info.plist;
				LD_RUNPATH_SEARCH_PATHS = "$(inherited) @executable_path/Frameworks";
				PRODUCT_BUNDLE_IDENTIFIER = rq.RQJsonKit;
				PRODUCT_NAME = "$(TARGET_NAME)";
				TARGETED_DEVICE_FAMILY = "1,2";
			};
			name = Debug;
		};
		5E6864561FDA550700D4CE64 /* Release */ = {
			isa = XCBuildConfiguration;
			buildSettings = {
				ASSETCATALOG_COMPILER_APPICON_NAME = AppIcon;
				CODE_SIGN_STYLE = Automatic;
				DEVELOPMENT_TEAM = J6GK454YUN;
				INFOPLIST_FILE = RQJsonKit/Info.plist;
				LD_RUNPATH_SEARCH_PATHS = "$(inherited) @executable_path/Frameworks";
				PRODUCT_BUNDLE_IDENTIFIER = rq.RQJsonKit;
				PRODUCT_NAME = "$(TARGET_NAME)";
				TARGETED_DEVICE_FAMILY = "1,2";
			};
			name = Release;
		};
/* End XCBuildConfiguration section */

/* Begin XCConfigurationList section */
		5E6864391FDA550700D4CE64 /* Build configuration list for PBXProject "RQJsonKit" */ = {
			isa = XCConfigurationList;
			buildConfigurations = (
				5E6864521FDA550700D4CE64 /* Debug */,
				5E6864531FDA550700D4CE64 /* Release */,
			);
			defaultConfigurationIsVisible = 0;
			defaultConfigurationName = Release;
		};
		5E6864541FDA550700D4CE64 /* Build configuration list for PBXNativeTarget "RQJsonKit" */ = {
			isa = XCConfigurationList;
			buildConfigurations = (
				5E6864551FDA550700D4CE64 /* Debug */,
				5E6864561FDA550700D4CE64 /* Release */,
			);
			defaultConfigurationIsVisible = 0;
			defaultConfigurationName = Release;
		};
/* End XCConfigurationList section */
	};
	rootObject = 5E6864361FDA550700D4CE64 /* Project object */;
}
